
Microsoft Visual Studio Solution File, Format Version 12.00
# Visual Studio Version 17
VisualStudioVersion = 17.0.31717.71
MinimumVisualStudioVersion = 10.0.40219.1
Project("{E7C60F2B-82A6-42A0-8EDC-41DCB554E579}") = "BirToolsApp.Server", "Server\BirToolsApp.Server.csproj", "{909FA176-5719-4F6F-B448-9145AF6BD2B5}"
EndProject
Project("{E7C60F2B-82A6-42A0-8EDC-41DCB554E579}") = "BirToolsApp.Client", "Client\BirToolsApp.Client.csproj", "{82671999-E36E-4A8E-AAF9-9797F52F2CCB}"
EndProject
Project("{E7C60F2B-82A6-42A0-8EDC-41DCB554E579}") = "BirToolsApp.Shared", "Shared\BirToolsApp.Shared.csproj", "{6DFBF481-8053-4F34-AACE-344FE4084D87}"
EndProject
Global
	GlobalSection(SolutionConfigurationPlatforms) = preSolution
		Debug|Any CPU = Debug|Any CPU
		Release|Any CPU = Release|Any CPU
	EndGlobalSection
	GlobalSection(ProjectConfigurationPlatforms) = postSolution
		{909FA176-5719-4F6F-B448-9145AF6BD2B5}.Debug|Any CPU.ActiveCfg = Debug|Any CPU
		{909FA176-5719-4F6F-B448-9145AF6BD2B5}.Debug|Any CPU.Build.0 = Debug|Any CPU
		{909FA176-5719-4F6F-B448-9145AF6BD2B5}.Release|Any CPU.ActiveCfg = Release|Any CPU
		{909FA176-5719-4F6F-B448-9145AF6BD2B5}.Release|Any CPU.Build.0 = Release|Any CPU
		{82671999-E36E-4A8E-AAF9-9797F52F2CCB}.Debug|Any CPU.ActiveCfg = Debug|Any CPU
		{82671999-E36E-4A8E-AAF9-9797F52F2CCB}.Debug|Any CPU.Build.0 = Debug|Any CPU
		{82671999-E36E-4A8E-AAF9-9797F52F2CCB}.Release|Any CPU.ActiveCfg = Release|Any CPU
		{82671999-E36E-4A8E-AAF9-9797F52F2CCB}.Release|Any CPU.Build.0 = Release|Any CPU
		{6DFBF481-8053-4F34-AACE-344FE4084D87}.Debug|Any CPU.ActiveCfg = Debug|Any CPU
		{6DFBF481-8053-4F34-AACE-344FE4084D87}.Debug|Any CPU.Build.0 = Debug|Any CPU
		{6DFBF481-8053-4F34-AACE-344FE4084D87}.Release|Any CPU.ActiveCfg = Release|Any CPU
		{6DFBF481-8053-4F34-AACE-344FE4084D87}.Release|Any CPU.Build.0 = Release|Any CPU
	EndGlobalSection
	GlobalSection(SolutionProperties) = preSolution
		HideSolutionNode = FALSE
	EndGlobalSection
	GlobalSection(ExtensibilityGlobals) = postSolution
		SolutionGuid = {288C9845-C3FD-4BE7-B6AD-A0956B6DAD9D}
	EndGlobalSection
EndGlobal